{
  "name": "specforest",
  "version": "0.1.0",
  "lockfileVersion": 2,
  "requires": true,
  "packages": {
    "": {
      "name": "specforest",
      "version": "0.1.0",
      "license": "MIT",
      "dependencies": {
        "js-yaml": "^4.1.0",
        "picomatch": "^4.0.2"
      },
      "engines": {
        "node": ">=18"
      }
    },
    "node_modules/argparse": {
      "version": "2.0.1",
      "resolved": "https://registry.npmjs.org/argparse/-/argparse-2.0.1.tgz",
      "integrity": "sha512-8+9WqebbFzpX9OR+Wa6O29asIogeRMzcGtAINdpMHHyAg10f05aSFVBbcEqGf/PXw1EjAZ+q2/bEBg3DvurK3Q=="
    },
    "node_modules/js-yaml": {
      "version": "4.1.1",
      "resolved": "https://registry.npmjs.org/js-yaml/-/js-yaml-4.1.1.tgz",
      "integrity": "sha512-qQKT4zQxXl8lLwBtHMWwaTcGfFOZviOJet3Oy/xmGk2gZH677CJM9EvtfdSkgWcATZhj/55JZ0rmy3myCT5lsA==",
      "dependencies": {
        "argparse": "^2.0.1"
      },
      "bin": {
        "js-yaml": "bin/js-yaml.js"
      }
    },
    "node_modules/picomatch": {
      "version": "4.0.4",
      "resolved": "https://registry.npmjs.org/picomatch/-/picomatch-4.0.4.tgz",
      "integrity": "sha512-QP88BAKvMam/3NxH6vj2o21R6MjxZUAd6nlwAS/pnGvN9IVLocLHxGYIzFhg6fUQ+5th6P4dv4eW9jX3DSIj7A==",
      "engines": {
        "node": ">=12"
      },
      "funding": {
        "url": "https://github.com/sponsors/jonschlinkert"
      }
    }
  },
  "dependencies": {
    "argparse": {
      "version": "2.0.1",
      "resolved": "https://registry.npmjs.org/argparse/-/argparse-2.0.1.tgz",
      "integrity": "sha512-8+9WqebbFzpX9OR+Wa6O29asIogeRMzcGtAINdpMHHyAg10f05aSFVBbcEqGf/PXw1EjAZ+q2/bEBg3DvurK3Q=="
    },
    "js-yaml": {
      "version": "4.1.1",
      "resolved": "https://registry.npmjs.org/js-yaml/-/js-yaml-4.1.1.tgz",
      "integrity": "sha512-qQKT4zQxXl8lLwBtHMWwaTcGfFOZviOJet3Oy/xmGk2gZH677CJM9EvtfdSkgWcATZhj/55JZ0rmy3myCT5lsA==",
      "requires": {
        "argparse": "^2.0.1"
      }
    },
    "picomatch": {
      "version": "4.0.4",
      "resolved": "https://registry.npmjs.org/picomatch/-/picomatch-4.0.4.tgz",
      "integrity": "sha512-QP88BAKvMam/3NxH6vj2o21R6MjxZUAd6nlwAS/pnGvN9IVLocLHxGYIzFhg6fUQ+5th6P4dv4eW9jX3DSIj7A=="
    }
  }
}
